
Microsoft Visual Studio Solution File, Format Version 12.00
# Visual Studio 15
VisualStudioVersion = 15.0.27130.2036
MinimumVisualStudioVersion = 10.0.40219.1
Project("{FAE04EC0-301F-11D3-BF4B-00C04F79EFBC}") = "Module", "Module\Module.csproj", "{EA772E28-27C7-47AB-B6F2-86859F1C13AD}"
EndProject
Project("{FAE04EC0-301F-11D3-BF4B-00C04F79EFBC}") = "Workflow", "Workflow\Workflow.csproj", "{594CE5EA-9214-4498-806F-A77D2CD7A61E}"
EndProject
Global
	GlobalSection(SolutionConfigurationPlatforms) = preSolution
		Debug|Any CPU = Debug|Any CPU
		Release|Any CPU = Release|Any CPU
	EndGlobalSection
	GlobalSection(ProjectConfigurationPlatforms) = postSolution
		{EA772E28-27C7-47AB-B6F2-86859F1C13AD}.Debug|Any CPU.ActiveCfg = Debug|Any CPU
		{EA772E28-27C7-47AB-B6F2-86859F1C13AD}.Debug|Any CPU.Build.0 = Debug|Any CPU
		{EA772E28-27C7-47AB-B6F2-86859F1C13AD}.Release|Any CPU.ActiveCfg = Release|Any CPU
		{EA772E28-27C7-47AB-B6F2-86859F1C13AD}.Release|Any CPU.Build.0 = Release|Any CPU
		{594CE5EA-9214-4498-806F-A77D2CD7A61E}.Debug|Any CPU.ActiveCfg = Debug|Any CPU
		{594CE5EA-9214-4498-806F-A77D2CD7A61E}.Debug|Any CPU.Build.0 = Debug|Any CPU
		{594CE5EA-9214-4498-806F-A77D2CD7A61E}.Release|Any CPU.ActiveCfg = Release|Any CPU
		{594CE5EA-9214-4498-806F-A77D2CD7A61E}.Release|Any CPU.Build.0 = Release|Any CPU
	EndGlobalSection
	GlobalSection(SolutionProperties) = preSolution
		HideSolutionNode = FALSE
	EndGlobalSection
	GlobalSection(ExtensibilityGlobals) = postSolution
		SolutionGuid = {AAF10466-FCC1-473B-AB1B-E5F1AD2501BB}
	EndGlobalSection
EndGlobal
